
Microsoft Visual Studio Solution File, Format Version 12.00
# Visual Studio Version 16
VisualStudioVersion = 16.0.31112.23
MinimumVisualStudioVersion = 10.0.40219.1
Project("{FAE04EC0-301F-11D3-BF4B-00C04F79EFBC}") = "StandardDeviation", "StandardDeviation\StandardDeviation.csproj", "{0E56BFAD-4375-4B72-ACD3-2208D1D39D51}"
EndProject
Global
	GlobalSection(SolutionConfigurationPlatforms) = preSolution
		Debug|Any CPU = Debug|Any CPU
		Release|Any CPU = Release|Any CPU
	EndGlobalSection
	GlobalSection(ProjectConfigurationPlatforms) = postSolution
		{0E56BFAD-4375-4B72-ACD3-2208D1D39D51}.Debug|Any CPU.ActiveCfg = Debug|Any CPU
		{0E56BFAD-4375-4B72-ACD3-2208D1D39D51}.Debug|Any CPU.Build.0 = Debug|Any CPU
		{0E56BFAD-4375-4B72-ACD3-2208D1D39D51}.Release|Any CPU.ActiveCfg = Release|Any CPU
		{0E56BFAD-4375-4B72-ACD3-2208D1D39D51}.Release|Any CPU.Build.0 = Release|Any CPU
	EndGlobalSection
	GlobalSection(SolutionProperties) = preSolution
		HideSolutionNode = FALSE
	EndGlobalSection
	GlobalSection(ExtensibilityGlobals) = postSolution
		SolutionGuid = {0E01499E-CD54-49D7-885A-ACDA32301836}
	EndGlobalSection
EndGlobal
